<?xml version="1.0" encoding="utf-8"?>
<Project ToolsVersion="17.0" xmlns="http://schemas.microsoft.com/developer/msbuild/2003">
  <ItemGroup>
    <CustomBuild Include="D:\a\Flamenco-UWP\Flamenco-UWP\src\dep\libsamplerate\CMakeFiles\3e04e0d8398d80a01087d06f5fea5c6a\generate.stamp.rule">
      <Filter>CMake Rules</Filter>
    </CustomBuild>
  </ItemGroup>
  <ItemGroup>
    <Filter Include="CMake Rules">
      <UniqueIdentifier>{8D6AE656-4A1C-372B-B36E-A80D21FD9DA0}</UniqueIdentifier>
    </Filter>
  </ItemGroup>
</Project>
