<?xml version="1.0" encoding="utf-8"?>
<Project ToolsVersion="17.0" xmlns="http://schemas.microsoft.com/developer/msbuild/2003">
  <ItemGroup>
    <ClCompile Include="D:\a\Flamenco-UWP\Flamenco-UWP\src\dep\libsamplerate\src\samplerate.c">
      <Filter>Source Files</Filter>
    </ClCompile>
    <ClCompile Include="D:\a\Flamenco-UWP\Flamenco-UWP\src\dep\libsamplerate\src\src_linear.c">
      <Filter>Source Files</Filter>
    </ClCompile>
    <ClCompile Include="D:\a\Flamenco-UWP\Flamenco-UWP\src\dep\libsamplerate\src\src_sinc.c">
      <Filter>Source Files</Filter>
    </ClCompile>
    <ClCompile Include="D:\a\Flamenco-UWP\Flamenco-UWP\src\dep\libsamplerate\src\src_zoh.c">
      <Filter>Source Files</Filter>
    </ClCompile>
  </ItemGroup>
  <ItemGroup>
    <ClInclude Include="D:\a\Flamenco-UWP\Flamenco-UWP\src\dep\libsamplerate\src\common.h">
      <Filter>Header Files</Filter>
    </ClInclude>
    <ClInclude Include="D:\a\Flamenco-UWP\Flamenco-UWP\src\dep\libsamplerate\src\fastest_coeffs.h">
      <Filter>Header Files</Filter>
    </ClInclude>
    <ClInclude Include="D:\a\Flamenco-UWP\Flamenco-UWP\src\dep\libsamplerate\src\high_qual_coeffs.h">
      <Filter>Header Files</Filter>
    </ClInclude>
    <ClInclude Include="D:\a\Flamenco-UWP\Flamenco-UWP\src\dep\libsamplerate\src\mid_qual_coeffs.h">
      <Filter>Header Files</Filter>
    </ClInclude>
    <ClInclude Include="D:\a\Flamenco-UWP\Flamenco-UWP\src\dep\libsamplerate\include\samplerate.h">
      <Filter>Header Files</Filter>
    </ClInclude>
  </ItemGroup>
  <ItemGroup>
    <CustomBuild Include="D:\a\Flamenco-UWP\Flamenco-UWP\src\dep\libsamplerate\src\CMakeLists.txt" />
  </ItemGroup>
  <ItemGroup>
    <Filter Include="Header Files">
      <UniqueIdentifier>{9A7BD7AE-5048-3A3A-BE74-FCA6EBD75581}</UniqueIdentifier>
    </Filter>
    <Filter Include="Source Files">
      <UniqueIdentifier>{9DB687A6-900D-32FF-AF88-5A3C29874B0B}</UniqueIdentifier>
    </Filter>
  </ItemGroup>
</Project>
